// !$*UTF8*$!
{
	archiveVersion = 1;
	classes = {
	};
	objectVersion = 46;
	objects = {

/* Begin PBXBuildFile section */
		1F18F5A91E2EB4AC003A253D /* AppDelegate.swift in Sources */ = {isa = PBXBuildFile; fileRef = 1F18F5A81E2EB4AC003A253D /* AppDelegate.swift */; };
		1F18F5AB1E2EB4AC003A253D /* ViewController.swift in Sources */ = {isa = PBXBuildFile; fileRef = 1F18F5AA1E2EB4AC003A253D /* ViewController.swift */; };
		1F18F5AE1E2EB4AC003A253D /* Main.storyboard in Resources */ = {isa = PBXBuildFile; fileRef = 1F18F5AC1E2EB4AC003A253D /* Main.storyboard */; };
		1F18F5B01E2EB4AC003A253D /* Assets.xcassets in Resources */ = {isa = PBXBuildFile; fileRef = 1F18F5AF1E2EB4AC003A253D /* Assets.xcassets */; };
		1F18F5B31E2EB4AC003A253D /* LaunchScreen.storyboard in Resources */ = {isa = PBXBuildFile; fileRef = 1F18F5B11E2EB4AC003A253D /* LaunchScreen.storyboard */; };
		EEC6BE8A6D128A475955D7F3 /* Pods_PruebaGPSconMapa.framework in Frameworks */ = {isa = PBXBuildFile; fileRef = B7296A69D15A600B74D81A49 /* Pods_PruebaGPSconMapa.framework */; };
/* End PBXBuildFile section */

/* Begin PBXFileReference section */
		1F18F5A51E2EB4AC003A253D /* PruebaGPSconMapa.app */ = {isa = PBXFileReference; explicitFileType = wrapper.application; includeInIndex = 0; path = PruebaGPSconMapa.app; sourceTree = BUILT_PRODUCTS_DIR; };
		1F18F5A81E2EB4AC003A253D /* AppDelegate.swift */ = {isa = PBXFileReference; lastKnownFileType = sourcecode.swift; path = AppDelegate.swift; sourceTree = "<group>"; };
		1F18F5AA1E2EB4AC003A253D /* ViewController.swift */ = {isa = PBXFileReference; lastKnownFileType = sourcecode.swift; path = ViewController.swift; sourceTree = "<group>"; };
		1F18F5AD1E2EB4AC003A253D /* Base */ = {isa = PBXFileReference; lastKnownFileType = file.storyboard; name = Base; path = Base.lproj/Main.storyboard; sourceTree = "<group>"; };
		1F18F5AF1E2EB4AC003A253D /* Assets.xcassets */ = {isa = PBXFileReference; lastKnownFileType = folder.assetcatalog; path = Assets.xcassets; sourceTree = "<group>"; };
		1F18F5B21E2EB4AC003A253D /* Base */ = {isa = PBXFileReference; lastKnownFileType = file.storyboard; name = Base; path = Base.lproj/LaunchScreen.storyboard; sourceTree = "<group>"; };
		1F18F5B41E2EB4AC003A253D /* Info.plist */ = {isa = PBXFileReference; lastKnownFileType = text.plist.xml; path = Info.plist; sourceTree = "<group>"; };
		9CDFC5F8D221D3009AB7E3A7 /* Pods-PruebaGPSconMapa.debug.xcconfig */ = {isa = PBXFileReference; includeInIndex = 1; lastKnownFileType = text.xcconfig; name = "Pods-PruebaGPSconMapa.debug.xcconfig"; path = "Pods/Target Support Files/Pods-PruebaGPSconMapa/Pods-PruebaGPSconMapa.debug.xcconfig"; sourceTree = "<group>"; };
		B7296A69D15A600B74D81A49 /* Pods_PruebaGPSconMapa.framework */ = {isa = PBXFileReference; explicitFileType = wrapper.framework; includeInIndex = 0; path = Pods_PruebaGPSconMapa.framework; sourceTree = BUILT_PRODUCTS_DIR; };
		C28252FF01A97E53B90D69AC /* Pods-PruebaGPSconMapa.release.xcconfig */ = {isa = PBXFileReference; includeInIndex = 1; lastKnownFileType = text.xcconfig; name = "Pods-PruebaGPSconMapa.release.xcconfig"; path = "Pods/Target Support Files/Pods-PruebaGPSconMapa/Pods-PruebaGPSconMapa.release.xcconfig"; sourceTree = "<group>"; };
/* End PBXFileReference section */

/* Begin PBXFrameworksBuildPhase section */
		1F18F5A21E2EB4AC003A253D /* Frameworks */ = {
			isa = PBXFrameworksBuildPhase;
			buildActionMask = 2147483647;
			files = (
				EEC6BE8A6D128A475955D7F3 /* Pods_PruebaGPSconMapa.framework in Frameworks */,
			);
			runOnlyForDeploymentPostprocessing = 0;
		};
/* End PBXFrameworksBuildPhase section */

/* Begin PBXGroup section */
		054373273344CBE9D3A314D4 /* Frameworks */ = {
			isa = PBXGroup;
			children = (
				B7296A69D15A600B74D81A49 /* Pods_PruebaGPSconMapa.framework */,
			);
			name = Frameworks;
			sourceTree = "<group>";
		};
		1F18F59C1E2EB4AC003A253D = {
			isa = PBXGroup;
			children = (
				1F18F5A71E2EB4AC003A253D /* PruebaGPSconMapa */,
				1F18F5A61E2EB4AC003A253D /* Products */,
				BE67FC0D5B39E54C1D0CBB66 /* Pods */,
				054373273344CBE9D3A314D4 /* Frameworks */,
			);
			sourceTree = "<group>";
		};
		1F18F5A61E2EB4AC003A253D /* Products */ = {
			isa = PBXGroup;
			children = (
				1F18F5A51E2EB4AC003A253D /* PruebaGPSconMapa.app */,
			);
			name = Products;
			sourceTree = "<group>";
		};
		1F18F5A71E2EB4AC003A253D /* PruebaGPSconMapa */ = {
			isa = PBXGroup;
			children = (
				1F18F5A81E2EB4AC003A253D /* AppDelegate.swift */,
				1F18F5AA1E2EB4AC003A253D /* ViewController.swift */,
				1F18F5AC1E2EB4AC003A253D /* Main.storyboard */,
				1F18F5AF1E2EB4AC003A253D /* Assets.xcassets */,
				1F18F5B11E2EB4AC003A253D /* LaunchScreen.storyboard */,
				1F18F5B41E2EB4AC003A253D /* Info.plist */,
			);
			path = PruebaGPSconMapa;
			sourceTree = "<group>";
		};
		BE67FC0D5B39E54C1D0CBB66 /* Pods */ = {
			isa = PBXGroup;
			children = (
				9CDFC5F8D221D3009AB7E3A7 /* Pods-PruebaGPSconMapa.debug.xcconfig */,
				C28252FF01A97E53B90D69AC /* Pods-PruebaGPSconMapa.release.xcconfig */,
			);
			name = Pods;
			sourceTree = "<group>";
		};
/* End PBXGroup section */

/* Begin PBXNativeTarget section */
		1F18F5A41E2EB4AC003A253D /* PruebaGPSconMapa */ = {
			isa = PBXNativeTarget;
			buildConfigurationList = 1F18F5B71E2EB4AC003A253D /* Build configuration list for PBXNativeTarget "PruebaGPSconMapa" */;
			buildPhases = (
				9EC5891AA912C5DC1C6CD4D3 /* [CP] Check Pods Manifest.lock */,
				1F18F5A11E2EB4AC003A253D /* Sources */,
				1F18F5A21E2EB4AC003A253D /* Frameworks */,
				1F18F5A31E2EB4AC003A253D /* Resources */,
				219608298FD0303F2D9D7C0A /* [CP] Embed Pods Frameworks */,
				1388A45DD58A9EF79385D5BE /* [CP] Copy Pods Resources */,
			);
			buildRules = (
			);
			dependencies = (
			);
			name = PruebaGPSconMapa;
			productName = PruebaGPSconMapa;
			productReference = 1F18F5A51E2EB4AC003A253D /* PruebaGPSconMapa.app */;
			productType = "com.apple.product-type.application";
		};
/* End PBXNativeTarget section */

/* Begin PBXProject section */
		1F18F59D1E2EB4AC003A253D /* Project object */ = {
			isa = PBXProject;
			attributes = {
				LastSwiftUpdateCheck = 0820;
				LastUpgradeCheck = 0820;
				ORGANIZATIONNAME = "Iñaki";
				TargetAttributes = {
					1F18F5A41E2EB4AC003A253D = {
						CreatedOnToolsVersion = 8.2.1;
						DevelopmentTeam = P699U76UF9;
						ProvisioningStyle = Automatic;
					};
				};
			};
			buildConfigurationList = 1F18F5A01E2EB4AC003A253D /* Build configuration list for PBXProject "PruebaGPSconMapa" */;
			compatibilityVersion = "Xcode 3.2";
			developmentRegion = English;
			hasScannedForEncodings = 0;
			knownRegions = (
				en,
				Base,
			);
			mainGroup = 1F18F59C1E2EB4AC003A253D;
			productRefGroup = 1F18F5A61E2EB4AC003A253D /* Products */;
			projectDirPath = "";
			projectRoot = "";
			targets = (
				1F18F5A41E2EB4AC003A253D /* PruebaGPSconMapa */,
			);
		};
/* End PBXProject section */

/* Begin PBXResourcesBuildPhase section */
		1F18F5A31E2EB4AC003A253D /* Resources */ = {
			isa = PBXResourcesBuildPhase;
			buildActionMask = 2147483647;
			files = (
				1F18F5B31E2EB4AC003A253D /* LaunchScreen.storyboard in Resources */,
				1F18F5B01E2EB4AC003A253D /* Assets.xcassets in Resources */,
				1F18F5AE1E2EB4AC003A253D /* Main.storyboard in Resources */,
			);
			runOnlyForDeploymentPostprocessing = 0;
		};
/* End PBXResourcesBuildPhase section */

/* Begin PBXShellScriptBuildPhase section */
		1388A45DD58A9EF79385D5BE /* [CP] Copy Pods Resources */ = {
			isa = PBXShellScriptBuildPhase;
			buildActionMask = 2147483647;
			files = (
			);
			inputPaths = (
			);
			name = "[CP] Copy Pods Resources";
			outputPaths = (
			);
			runOnlyForDeploymentPostprocessing = 0;
			shellPath = /bin/sh;
			shellScript = "\"${SRCROOT}/Pods/Target Support Files/Pods-PruebaGPSconMapa/Pods-PruebaGPSconMapa-resources.sh\"\n";
			showEnvVarsInLog = 0;
		};
		219608298FD0303F2D9D7C0A /* [CP] Embed Pods Frameworks */ = {
			isa = PBXShellScriptBuildPhase;
			buildActionMask = 2147483647;
			files = (
			);
			inputPaths = (
			);
			name = "[CP] Embed Pods Frameworks";
			outputPaths = (
			);
			runOnlyForDeploymentPostprocessing = 0;
			shellPath = /bin/sh;
			shellScript = "\"${SRCROOT}/Pods/Target Support Files/Pods-PruebaGPSconMapa/Pods-PruebaGPSconMapa-frameworks.sh\"\n";
			showEnvVarsInLog = 0;
		};
		9EC5891AA912C5DC1C6CD4D3 /* [CP] Check Pods Manifest.lock */ = {
			isa = PBXShellScriptBuildPhase;
			buildActionMask = 2147483647;
			files = (
			);
			inputPaths = (
			);
			name = "[CP] Check Pods Manifest.lock";
			outputPaths = (
			);
			runOnlyForDeploymentPostprocessing = 0;
			shellPath = /bin/sh;
			shellScript = "diff \"${PODS_ROOT}/../Podfile.lock\" \"${PODS_ROOT}/Manifest.lock\" > /dev/null\nif [ $? != 0 ] ; then\n    # print error to STDERR\n    echo \"error: The sandbox is not in sync with the Podfile.lock. Run 'pod install' or update your CocoaPods installation.\" >&2\n    exit 1\nfi\n";
			showEnvVarsInLog = 0;
		};
/* End PBXShellScriptBuildPhase section */

/* Begin PBXSourcesBuildPhase section */
		1F18F5A11E2EB4AC003A253D /* Sources */ = {
			isa = PBXSourcesBuildPhase;
			buildActionMask = 2147483647;
			files = (
				1F18F5AB1E2EB4AC003A253D /* ViewController.swift in Sources */,
				1F18F5A91E2EB4AC003A253D /* AppDelegate.swift in Sources */,
			);
			runOnlyForDeploymentPostprocessing = 0;
		};
/* End PBXSourcesBuildPhase section */

/* Begin PBXVariantGroup section */
		1F18F5AC1E2EB4AC003A253D /* Main.storyboard */ = {
			isa = PBXVariantGroup;
			children = (
				1F18F5AD1E2EB4AC003A253D /* Base */,
			);
			name = Main.storyboard;
			sourceTree = "<group>";
		};
		1F18F5B11E2EB4AC003A253D /* LaunchScreen.storyboard */ = {
			isa = PBXVariantGroup;
			children = (
				1F18F5B21E2EB4AC003A253D /* Base */,
			);
			name = LaunchScreen.storyboard;
			sourceTree = "<group>";
		};
/* End PBXVariantGroup section */

/* Begin XCBuildConfiguration section */
		1F18F5B51E2EB4AC003A253D /* Debug */ = {
			isa = XCBuildConfiguration;
			buildSettings = {
				ALWAYS_SEARCH_USER_PATHS = NO;
				CLANG_ANALYZER_NONNULL = YES;
				CLANG_CXX_LANGUAGE_STANDARD = "gnu++0x";
				CLANG_CXX_LIBRARY = "libc++";
				CLANG_ENABLE_MODULES = YES;
				CLANG_ENABLE_OBJC_ARC = YES;
				CLANG_WARN_BOOL_CONVERSION = YES;
				CLANG_WARN_CONSTANT_CONVERSION = YES;
				CLANG_WARN_DIRECT_OBJC_ISA_USAGE = YES_ERROR;
				CLANG_WARN_DOCUMENTATION_COMMENTS = YES;
				CLANG_WARN_EMPTY_BODY = YES;
				CLANG_WARN_ENUM_CONVERSION = YES;
				CLANG_WARN_INFINITE_RECURSION = YES;
				CLANG_WARN_INT_CONVERSION = YES;
				CLANG_WARN_OBJC_ROOT_CLASS = YES_ERROR;
				CLANG_WARN_SUSPICIOUS_MOVE = YES;
				CLANG_WARN_UNREACHABLE_CODE = YES;
				CLANG_WARN__DUPLICATE_METHOD_MATCH = YES;
				"CODE_SIGN_IDENTITY[sdk=iphoneos*]" = "iPhone Developer";
				COPY_PHASE_STRIP = NO;
				DEBUG_INFORMATION_FORMAT = dwarf;
				ENABLE_STRICT_OBJC_MSGSEND = YES;
				ENABLE_TESTABILITY = YES;
				GCC_C_LANGUAGE_STANDARD = gnu99;
				GCC_DYNAMIC_NO_PIC = NO;
				GCC_NO_COMMON_BLOCKS = YES;
				GCC_OPTIMIZATION_LEVEL = 0;
				GCC_PREPROCESSOR_DEFINITIONS = (
					"DEBUG=1",
					"$(inherited)",
				);
				GCC_WARN_64_TO_32_BIT_CONVERSION = YES;
				GCC_WARN_ABOUT_RETURN_TYPE = YES_ERROR;
				GCC_WARN_UNDECLARED_SELECTOR = YES;
				GCC_WARN_UNINITIALIZED_AUTOS = YES_AGGRESSIVE;
				GCC_WARN_UNUSED_FUNCTION = YES;
				GCC_WARN_UNUSED_VARIABLE = YES;
				IPHONEOS_DEPLOYMENT_TARGET = 10.2;
				MTL_ENABLE_DEBUG_INFO = YES;
				ONLY_ACTIVE_ARCH = YES;
				SDKROOT = iphoneos;
				SWIFT_ACTIVE_COMPILATION_CONDITIONS = DEBUG;
				SWIFT_OPTIMIZATION_LEVEL = "-Onone";
			};
			name = Debug;
		};
		1F18F5B61E2EB4AC003A253D /* Release */ = {
			isa = XCBuildConfiguration;
			buildSettings = {
				ALWAYS_SEARCH_USER_PATHS = NO;
				CLANG_ANALYZER_NONNULL = YES;
				CLANG_CXX_LANGUAGE_STANDARD = "gnu++0x";
				CLANG_CXX_LIBRARY = "libc++";
				CLANG_ENABLE_MODULES = YES;
				CLANG_ENABLE_OBJC_ARC = YES;
				CLANG_WARN_BOOL_CONVERSION = YES;
				CLANG_WARN_CONSTANT_CONVERSION = YES;
				CLANG_WARN_DIRECT_OBJC_ISA_USAGE = YES_ERROR;
				CLANG_WARN_DOCUMENTATION_COMMENTS = YES;
				CLANG_WARN_EMPTY_BODY = YES;
				CLANG_WARN_ENUM_CONVERSION = YES;
				CLANG_WARN_INFINITE_RECURSION = YES;
				CLANG_WARN_INT_CONVERSION = YES;
				CLANG_WARN_OBJC_ROOT_CLASS = YES_ERROR;
				CLANG_WARN_SUSPICIOUS_MOVE = YES;
				CLANG_WARN_UNREACHABLE_CODE = YES;
				CLANG_WARN__DUPLICATE_METHOD_MATCH = YES;
				"CODE_SIGN_IDENTITY[sdk=iphoneos*]" = "iPhone Developer";
				COPY_PHASE_STRIP = NO;
				DEBUG_INFORMATION_FORMAT = "dwarf-with-dsym";
				ENABLE_NS_ASSERTIONS = NO;
				ENABLE_STRICT_OBJC_MSGSEND = YES;
				GCC_C_LANGUAGE_STANDARD = gnu99;
				GCC_NO_COMMON_BLOCKS = YES;
				GCC_WARN_64_TO_32_BIT_CONVERSION = YES;
				GCC_WARN_ABOUT_RETURN_TYPE = YES_ERROR;
				GCC_WARN_UNDECLARED_SELECTOR = YES;
				GCC_WARN_UNINITIALIZED_AUTOS = YES_AGGRESSIVE;
				GCC_WARN_UNUSED_FUNCTION = YES;
				GCC_WARN_UNUSED_VARIABLE = YES;
				IPHONEOS_DEPLOYMENT_TARGET = 10.2;
				MTL_ENABLE_DEBUG_INFO = NO;
				SDKROOT = iphoneos;
				SWIFT_OPTIMIZATION_LEVEL = "-Owholemodule";
				VALIDATE_PRODUCT = YES;
			};
			name = Release;
		};
		1F18F5B81E2EB4AC003A253D /* Debug */ = {
			isa = XCBuildConfiguration;
			baseConfigurationReference = 9CDFC5F8D221D3009AB7E3A7 /* Pods-PruebaGPSconMapa.debug.xcconfig */;
			buildSettings = {
				ASSETCATALOG_COMPILER_APPICON_NAME = AppIcon;
				DEVELOPMENT_TEAM = P699U76UF9;
				INFOPLIST_FILE = PruebaGPSconMapa/Info.plist;
				LD_RUNPATH_SEARCH_PATHS = "$(inherited) @executable_path/Frameworks";
				PRODUCT_BUNDLE_IDENTIFIER = bid.inaki.PruebaGPSconMapa;
				PRODUCT_NAME = "$(TARGET_NAME)";
				SWIFT_VERSION = 3.0;
			};
			name = Debug;
		};
		1F18F5B91E2EB4AC003A253D /* Release */ = {
			isa = XCBuildConfiguration;
			baseConfigurationReference = C28252FF01A97E53B90D69AC /* Pods-PruebaGPSconMapa.release.xcconfig */;
			buildSettings = {
				ASSETCATALOG_COMPILER_APPICON_NAME = AppIcon;
				DEVELOPMENT_TEAM = P699U76UF9;
				INFOPLIST_FILE = PruebaGPSconMapa/Info.plist;
				LD_RUNPATH_SEARCH_PATHS = "$(inherited) @executable_path/Frameworks";
				PRODUCT_BUNDLE_IDENTIFIER = bid.inaki.PruebaGPSconMapa;
				PRODUCT_NAME = "$(TARGET_NAME)";
				SWIFT_VERSION = 3.0;
			};
			name = Release;
		};
/* End XCBuildConfiguration section */

/* Begin XCConfigurationList section */
		1F18F5A01E2EB4AC003A253D /* Build configuration list for PBXProject "PruebaGPSconMapa" */ = {
			isa = XCConfigurationList;
			buildConfigurations = (
				1F18F5B51E2EB4AC003A253D /* Debug */,
				1F18F5B61E2EB4AC003A253D /* Release */,
			);
			defaultConfigurationIsVisible = 0;
			defaultConfigurationName = Release;
		};
		1F18F5B71E2EB4AC003A253D /* Build configuration list for PBXNativeTarget "PruebaGPSconMapa" */ = {
			isa = XCConfigurationList;
			buildConfigurations = (
				1F18F5B81E2EB4AC003A253D /* Debug */,
				1F18F5B91E2EB4AC003A253D /* Release */,
			);
			defaultConfigurationIsVisible = 0;
		};
/* End XCConfigurationList section */
	};
	rootObject = 1F18F59D1E2EB4AC003A253D /* Project object */;
}
