// !$*UTF8*$!
{
	archiveVersion = 1;
	classes = {
	};
	objectVersion = 46;
	objects = {

/* Begin PBXBuildFile section */
		41C0F82C1BE127DD0067061E /* AppDelegate.swift in Sources */ = {isa = PBXBuildFile; fileRef = 41C0F82B1BE127DD0067061E /* AppDelegate.swift */; };
		41C0F82E1BE127DD0067061E /* ViewController.swift in Sources */ = {isa = PBXBuildFile; fileRef = 41C0F82D1BE127DD0067061E /* ViewController.swift */; };
		41C0F8311BE127DD0067061E /* Main.storyboard in Resources */ = {isa = PBXBuildFile; fileRef = 41C0F82F1BE127DD0067061E /* Main.storyboard */; };
		41C0F8331BE127DD0067061E /* Assets.xcassets in Resources */ = {isa = PBXBuildFile; fileRef = 41C0F8321BE127DD0067061E /* Assets.xcassets */; };
		41C0F8361BE127DD0067061E /* LaunchScreen.storyboard in Resources */ = {isa = PBXBuildFile; fileRef = 41C0F8341BE127DD0067061E /* LaunchScreen.storyboard */; };
		41C0F83E1BE132F10067061E /* Tarjetas.swift in Sources */ = {isa = PBXBuildFile; fileRef = 41C0F83D1BE132F10067061E /* Tarjetas.swift */; };
/* End PBXBuildFile section */

/* Begin PBXFileReference section */
		41C0F8281BE127DD0067061E /* FlashCards.app */ = {isa = PBXFileReference; explicitFileType = wrapper.application; includeInIndex = 0; path = FlashCards.app; sourceTree = BUILT_PRODUCTS_DIR; };
		41C0F82B1BE127DD0067061E /* AppDelegate.swift */ = {isa = PBXFileReference; lastKnownFileType = sourcecode.swift; path = AppDelegate.swift; sourceTree = "<group>"; };
		41C0F82D1BE127DD0067061E /* ViewController.swift */ = {isa = PBXFileReference; lastKnownFileType = sourcecode.swift; path = ViewController.swift; sourceTree = "<group>"; };
		41C0F8301BE127DD0067061E /* Base */ = {isa = PBXFileReference; lastKnownFileType = file.storyboard; name = Base; path = Base.lproj/Main.storyboard; sourceTree = "<group>"; };
		41C0F8321BE127DD0067061E /* Assets.xcassets */ = {isa = PBXFileReference; lastKnownFileType = folder.assetcatalog; path = Assets.xcassets; sourceTree = "<group>"; };
		41C0F8351BE127DD0067061E /* Base */ = {isa = PBXFileReference; lastKnownFileType = file.storyboard; name = Base; path = Base.lproj/LaunchScreen.storyboard; sourceTree = "<group>"; };
		41C0F8371BE127DD0067061E /* Info.plist */ = {isa = PBXFileReference; lastKnownFileType = text.plist.xml; path = Info.plist; sourceTree = "<group>"; };
		41C0F83D1BE132F10067061E /* Tarjetas.swift */ = {isa = PBXFileReference; fileEncoding = 4; lastKnownFileType = sourcecode.swift; path = Tarjetas.swift; sourceTree = "<group>"; };
/* End PBXFileReference section */

/* Begin PBXFrameworksBuildPhase section */
		41C0F8251BE127DD0067061E /* Frameworks */ = {
			isa = PBXFrameworksBuildPhase;
			buildActionMask = 2147483647;
			files = (
			);
			runOnlyForDeploymentPostprocessing = 0;
		};
/* End PBXFrameworksBuildPhase section */

/* Begin PBXGroup section */
		41C0F81F1BE127DD0067061E = {
			isa = PBXGroup;
			children = (
				41C0F82A1BE127DD0067061E /* FlashCards */,
				41C0F8291BE127DD0067061E /* Products */,
			);
			sourceTree = "<group>";
		};
		41C0F8291BE127DD0067061E /* Products */ = {
			isa = PBXGroup;
			children = (
				41C0F8281BE127DD0067061E /* FlashCards.app */,
			);
			name = Products;
			sourceTree = "<group>";
		};
		41C0F82A1BE127DD0067061E /* FlashCards */ = {
			isa = PBXGroup;
			children = (
				41C0F82B1BE127DD0067061E /* AppDelegate.swift */,
				41C0F82D1BE127DD0067061E /* ViewController.swift */,
				41C0F82F1BE127DD0067061E /* Main.storyboard */,
				41C0F8321BE127DD0067061E /* Assets.xcassets */,
				41C0F8341BE127DD0067061E /* LaunchScreen.storyboard */,
				41C0F8371BE127DD0067061E /* Info.plist */,
				41C0F83D1BE132F10067061E /* Tarjetas.swift */,
			);
			path = FlashCards;
			sourceTree = "<group>";
		};
/* End PBXGroup section */

/* Begin PBXNativeTarget section */
		41C0F8271BE127DD0067061E /* FlashCards */ = {
			isa = PBXNativeTarget;
			buildConfigurationList = 41C0F83A1BE127DD0067061E /* Build configuration list for PBXNativeTarget "FlashCards" */;
			buildPhases = (
				41C0F8241BE127DD0067061E /* Sources */,
				41C0F8251BE127DD0067061E /* Frameworks */,
				41C0F8261BE127DD0067061E /* Resources */,
			);
			buildRules = (
			);
			dependencies = (
			);
			name = FlashCards;
			productName = FlashCards;
			productReference = 41C0F8281BE127DD0067061E /* FlashCards.app */;
			productType = "com.apple.product-type.application";
		};
/* End PBXNativeTarget section */

/* Begin PBXProject section */
		41C0F8201BE127DD0067061E /* Project object */ = {
			isa = PBXProject;
			attributes = {
				LastSwiftUpdateCheck = 0710;
				LastUpgradeCheck = 0810;
				ORGANIZATIONNAME = "Ion Jaureguialzo Sarasola";
				TargetAttributes = {
					41C0F8271BE127DD0067061E = {
						CreatedOnToolsVersion = 7.1;
						LastSwiftMigration = 0810;
					};
				};
			};
			buildConfigurationList = 41C0F8231BE127DD0067061E /* Build configuration list for PBXProject "FlashCards" */;
			compatibilityVersion = "Xcode 3.2";
			developmentRegion = English;
			hasScannedForEncodings = 0;
			knownRegions = (
				en,
				Base,
			);
			mainGroup = 41C0F81F1BE127DD0067061E;
			productRefGroup = 41C0F8291BE127DD0067061E /* Products */;
			projectDirPath = "";
			projectRoot = "";
			targets = (
				41C0F8271BE127DD0067061E /* FlashCards */,
			);
		};
/* End PBXProject section */

/* Begin PBXResourcesBuildPhase section */
		41C0F8261BE127DD0067061E /* Resources */ = {
			isa = PBXResourcesBuildPhase;
			buildActionMask = 2147483647;
			files = (
				41C0F8361BE127DD0067061E /* LaunchScreen.storyboard in Resources */,
				41C0F8331BE127DD0067061E /* Assets.xcassets in Resources */,
				41C0F8311BE127DD0067061E /* Main.storyboard in Resources */,
			);
			runOnlyForDeploymentPostprocessing = 0;
		};
/* End PBXResourcesBuildPhase section */

/* Begin PBXSourcesBuildPhase section */
		41C0F8241BE127DD0067061E /* Sources */ = {
			isa = PBXSourcesBuildPhase;
			buildActionMask = 2147483647;
			files = (
				41C0F83E1BE132F10067061E /* Tarjetas.swift in Sources */,
				41C0F82E1BE127DD0067061E /* ViewController.swift in Sources */,
				41C0F82C1BE127DD0067061E /* AppDelegate.swift in Sources */,
			);
			runOnlyForDeploymentPostprocessing = 0;
		};
/* End PBXSourcesBuildPhase section */

/* Begin PBXVariantGroup section */
		41C0F82F1BE127DD0067061E /* Main.storyboard */ = {
			isa = PBXVariantGroup;
			children = (
				41C0F8301BE127DD0067061E /* Base */,
			);
			name = Main.storyboard;
			sourceTree = "<group>";
		};
		41C0F8341BE127DD0067061E /* LaunchScreen.storyboard */ = {
			isa = PBXVariantGroup;
			children = (
				41C0F8351BE127DD0067061E /* Base */,
			);
			name = LaunchScreen.storyboard;
			sourceTree = "<group>";
		};
/* End PBXVariantGroup section */

/* Begin XCBuildConfiguration section */
		41C0F8381BE127DD0067061E /* Debug */ = {
			isa = XCBuildConfiguration;
			buildSettings = {
				ALWAYS_SEARCH_USER_PATHS = NO;
				CLANG_CXX_LANGUAGE_STANDARD = "gnu++0x";
				CLANG_CXX_LIBRARY = "libc++";
				CLANG_ENABLE_MODULES = YES;
				CLANG_ENABLE_OBJC_ARC = YES;
				CLANG_WARN_BOOL_CONVERSION = YES;
				CLANG_WARN_CONSTANT_CONVERSION = YES;
				CLANG_WARN_DIRECT_OBJC_ISA_USAGE = YES_ERROR;
				CLANG_WARN_EMPTY_BODY = YES;
				CLANG_WARN_ENUM_CONVERSION = YES;
				CLANG_WARN_INFINITE_RECURSION = YES;
				CLANG_WARN_INT_CONVERSION = YES;
				CLANG_WARN_OBJC_ROOT_CLASS = YES_ERROR;
				CLANG_WARN_SUSPICIOUS_MOVE = YES;
				CLANG_WARN_UNREACHABLE_CODE = YES;
				CLANG_WARN__DUPLICATE_METHOD_MATCH = YES;
				"CODE_SIGN_IDENTITY[sdk=iphoneos*]" = "iPhone Developer";
				COPY_PHASE_STRIP = NO;
				DEBUG_INFORMATION_FORMAT = dwarf;
				ENABLE_STRICT_OBJC_MSGSEND = YES;
				ENABLE_TESTABILITY = YES;
				GCC_C_LANGUAGE_STANDARD = gnu99;
				GCC_DYNAMIC_NO_PIC = NO;
				GCC_NO_COMMON_BLOCKS = YES;
				GCC_OPTIMIZATION_LEVEL = 0;
				GCC_PREPROCESSOR_DEFINITIONS = (
					"DEBUG=1",
					"$(inherited)",
				);
				GCC_WARN_64_TO_32_BIT_CONVERSION = YES;
				GCC_WARN_ABOUT_RETURN_TYPE = YES_ERROR;
				GCC_WARN_UNDECLARED_SELECTOR = YES;
				GCC_WARN_UNINITIALIZED_AUTOS = YES_AGGRESSIVE;
				GCC_WARN_UNUSED_FUNCTION = YES;
				GCC_WARN_UNUSED_VARIABLE = YES;
				IPHONEOS_DEPLOYMENT_TARGET = 9.1;
				MTL_ENABLE_DEBUG_INFO = YES;
				ONLY_ACTIVE_ARCH = YES;
				SDKROOT = iphoneos;
				SWIFT_OPTIMIZATION_LEVEL = "-Onone";
			};
			name = Debug;
		};
		41C0F8391BE127DD0067061E /* Release */ = {
			isa = XCBuildConfiguration;
			buildSettings = {
				ALWAYS_SEARCH_USER_PATHS = NO;
				CLANG_CXX_LANGUAGE_STANDARD = "gnu++0x";
				CLANG_CXX_LIBRARY = "libc++";
				CLANG_ENABLE_MODULES = YES;
				CLANG_ENABLE_OBJC_ARC = YES;
				CLANG_WARN_BOOL_CONVERSION = YES;
				CLANG_WARN_CONSTANT_CONVERSION = YES;
				CLANG_WARN_DIRECT_OBJC_ISA_USAGE = YES_ERROR;
				CLANG_WARN_EMPTY_BODY = YES;
				CLANG_WARN_ENUM_CONVERSION = YES;
				CLANG_WARN_INFINITE_RECURSION = YES;
				CLANG_WARN_INT_CONVERSION = YES;
				CLANG_WARN_OBJC_ROOT_CLASS = YES_ERROR;
				CLANG_WARN_SUSPICIOUS_MOVE = YES;
				CLANG_WARN_UNREACHABLE_CODE = YES;
				CLANG_WARN__DUPLICATE_METHOD_MATCH = YES;
				"CODE_SIGN_IDENTITY[sdk=iphoneos*]" = "iPhone Developer";
				COPY_PHASE_STRIP = NO;
				DEBUG_INFORMATION_FORMAT = "dwarf-with-dsym";
				ENABLE_NS_ASSERTIONS = NO;
				ENABLE_STRICT_OBJC_MSGSEND = YES;
				GCC_C_LANGUAGE_STANDARD = gnu99;
				GCC_NO_COMMON_BLOCKS = YES;
				GCC_WARN_64_TO_32_BIT_CONVERSION = YES;
				GCC_WARN_ABOUT_RETURN_TYPE = YES_ERROR;
				GCC_WARN_UNDECLARED_SELECTOR = YES;
				GCC_WARN_UNINITIALIZED_AUTOS = YES_AGGRESSIVE;
				GCC_WARN_UNUSED_FUNCTION = YES;
				GCC_WARN_UNUSED_VARIABLE = YES;
				IPHONEOS_DEPLOYMENT_TARGET = 9.1;
				MTL_ENABLE_DEBUG_INFO = NO;
				SDKROOT = iphoneos;
				SWIFT_OPTIMIZATION_LEVEL = "-Owholemodule";
				VALIDATE_PRODUCT = YES;
			};
			name = Release;
		};
		41C0F83B1BE127DD0067061E /* Debug */ = {
			isa = XCBuildConfiguration;
			buildSettings = {
				ASSETCATALOG_COMPILER_APPICON_NAME = AppIcon;
				INFOPLIST_FILE = FlashCards/Info.plist;
				LD_RUNPATH_SEARCH_PATHS = "$(inherited) @executable_path/Frameworks";
				PRODUCT_BUNDLE_IDENTIFIER = com.jaureguialzo.FlashCards;
				PRODUCT_NAME = "$(TARGET_NAME)";
				SWIFT_VERSION = 3.0;
			};
			name = Debug;
		};
		41C0F83C1BE127DD0067061E /* Release */ = {
			isa = XCBuildConfiguration;
			buildSettings = {
				ASSETCATALOG_COMPILER_APPICON_NAME = AppIcon;
				INFOPLIST_FILE = FlashCards/Info.plist;
				LD_RUNPATH_SEARCH_PATHS = "$(inherited) @executable_path/Frameworks";
				PRODUCT_BUNDLE_IDENTIFIER = com.jaureguialzo.FlashCards;
				PRODUCT_NAME = "$(TARGET_NAME)";
				SWIFT_VERSION = 3.0;
			};
			name = Release;
		};
/* End XCBuildConfiguration section */

/* Begin XCConfigurationList section */
		41C0F8231BE127DD0067061E /* Build configuration list for PBXProject "FlashCards" */ = {
			isa = XCConfigurationList;
			buildConfigurations = (
				41C0F8381BE127DD0067061E /* Debug */,
				41C0F8391BE127DD0067061E /* Release */,
			);
			defaultConfigurationIsVisible = 0;
			defaultConfigurationName = Release;
		};
		41C0F83A1BE127DD0067061E /* Build configuration list for PBXNativeTarget "FlashCards" */ = {
			isa = XCConfigurationList;
			buildConfigurations = (
				41C0F83B1BE127DD0067061E /* Debug */,
				41C0F83C1BE127DD0067061E /* Release */,
			);
			defaultConfigurationIsVisible = 0;
			defaultConfigurationName = Release;
		};
/* End XCConfigurationList section */
	};
	rootObject = 41C0F8201BE127DD0067061E /* Project object */;
}
