// !$*UTF8*$!
{
	archiveVersion = 1;
	classes = {
	};
	objectVersion = 46;
	objects = {

/* Begin PBXBuildFile section */
		1F9AF9CD1DEE04E30093B454 /* AppDelegate.swift in Sources */ = {isa = PBXBuildFile; fileRef = 1F9AF9CC1DEE04E30093B454 /* AppDelegate.swift */; };
		1F9AF9CF1DEE04E30093B454 /* ViewController.swift in Sources */ = {isa = PBXBuildFile; fileRef = 1F9AF9CE1DEE04E30093B454 /* ViewController.swift */; };
		1F9AF9D21DEE04E30093B454 /* Main.storyboard in Resources */ = {isa = PBXBuildFile; fileRef = 1F9AF9D01DEE04E30093B454 /* Main.storyboard */; };
		1F9AF9D41DEE04E30093B454 /* Assets.xcassets in Resources */ = {isa = PBXBuildFile; fileRef = 1F9AF9D31DEE04E30093B454 /* Assets.xcassets */; };
		1F9AF9D71DEE04E30093B454 /* LaunchScreen.storyboard in Resources */ = {isa = PBXBuildFile; fileRef = 1F9AF9D51DEE04E30093B454 /* LaunchScreen.storyboard */; };
		1F9AF9DF1DEE07300093B454 /* PrincipalTableViewController.swift in Sources */ = {isa = PBXBuildFile; fileRef = 1F9AF9DE1DEE07300093B454 /* PrincipalTableViewController.swift */; };
		1F9AF9E11DEE08C50093B454 /* miCelda.swift in Sources */ = {isa = PBXBuildFile; fileRef = 1F9AF9E01DEE08C50093B454 /* miCelda.swift */; };
/* End PBXBuildFile section */

/* Begin PBXFileReference section */
		1F9AF9C91DEE04E30093B454 /* ejemploTableView.app */ = {isa = PBXFileReference; explicitFileType = wrapper.application; includeInIndex = 0; path = ejemploTableView.app; sourceTree = BUILT_PRODUCTS_DIR; };
		1F9AF9CC1DEE04E30093B454 /* AppDelegate.swift */ = {isa = PBXFileReference; lastKnownFileType = sourcecode.swift; path = AppDelegate.swift; sourceTree = "<group>"; };
		1F9AF9CE1DEE04E30093B454 /* ViewController.swift */ = {isa = PBXFileReference; lastKnownFileType = sourcecode.swift; path = ViewController.swift; sourceTree = "<group>"; };
		1F9AF9D11DEE04E30093B454 /* Base */ = {isa = PBXFileReference; lastKnownFileType = file.storyboard; name = Base; path = Base.lproj/Main.storyboard; sourceTree = "<group>"; };
		1F9AF9D31DEE04E30093B454 /* Assets.xcassets */ = {isa = PBXFileReference; lastKnownFileType = folder.assetcatalog; path = Assets.xcassets; sourceTree = "<group>"; };
		1F9AF9D61DEE04E30093B454 /* Base */ = {isa = PBXFileReference; lastKnownFileType = file.storyboard; name = Base; path = Base.lproj/LaunchScreen.storyboard; sourceTree = "<group>"; };
		1F9AF9D81DEE04E30093B454 /* Info.plist */ = {isa = PBXFileReference; lastKnownFileType = text.plist.xml; path = Info.plist; sourceTree = "<group>"; };
		1F9AF9DE1DEE07300093B454 /* PrincipalTableViewController.swift */ = {isa = PBXFileReference; fileEncoding = 4; lastKnownFileType = sourcecode.swift; path = PrincipalTableViewController.swift; sourceTree = "<group>"; };
		1F9AF9E01DEE08C50093B454 /* miCelda.swift */ = {isa = PBXFileReference; fileEncoding = 4; lastKnownFileType = sourcecode.swift; path = miCelda.swift; sourceTree = "<group>"; };
/* End PBXFileReference section */

/* Begin PBXFrameworksBuildPhase section */
		1F9AF9C61DEE04E30093B454 /* Frameworks */ = {
			isa = PBXFrameworksBuildPhase;
			buildActionMask = 2147483647;
			files = (
			);
			runOnlyForDeploymentPostprocessing = 0;
		};
/* End PBXFrameworksBuildPhase section */

/* Begin PBXGroup section */
		1F9AF9C01DEE04E30093B454 = {
			isa = PBXGroup;
			children = (
				1F9AF9CB1DEE04E30093B454 /* ejemploTableView */,
				1F9AF9CA1DEE04E30093B454 /* Products */,
			);
			sourceTree = "<group>";
		};
		1F9AF9CA1DEE04E30093B454 /* Products */ = {
			isa = PBXGroup;
			children = (
				1F9AF9C91DEE04E30093B454 /* ejemploTableView.app */,
			);
			name = Products;
			sourceTree = "<group>";
		};
		1F9AF9CB1DEE04E30093B454 /* ejemploTableView */ = {
			isa = PBXGroup;
			children = (
				1F9AF9CC1DEE04E30093B454 /* AppDelegate.swift */,
				1F9AF9CE1DEE04E30093B454 /* ViewController.swift */,
				1F9AF9D01DEE04E30093B454 /* Main.storyboard */,
				1F9AF9D31DEE04E30093B454 /* Assets.xcassets */,
				1F9AF9D51DEE04E30093B454 /* LaunchScreen.storyboard */,
				1F9AF9D81DEE04E30093B454 /* Info.plist */,
				1F9AF9DE1DEE07300093B454 /* PrincipalTableViewController.swift */,
				1F9AF9E01DEE08C50093B454 /* miCelda.swift */,
			);
			path = ejemploTableView;
			sourceTree = "<group>";
		};
/* End PBXGroup section */

/* Begin PBXNativeTarget section */
		1F9AF9C81DEE04E30093B454 /* ejemploTableView */ = {
			isa = PBXNativeTarget;
			buildConfigurationList = 1F9AF9DB1DEE04E30093B454 /* Build configuration list for PBXNativeTarget "ejemploTableView" */;
			buildPhases = (
				1F9AF9C51DEE04E30093B454 /* Sources */,
				1F9AF9C61DEE04E30093B454 /* Frameworks */,
				1F9AF9C71DEE04E30093B454 /* Resources */,
			);
			buildRules = (
			);
			dependencies = (
			);
			name = ejemploTableView;
			productName = ejemploTableView;
			productReference = 1F9AF9C91DEE04E30093B454 /* ejemploTableView.app */;
			productType = "com.apple.product-type.application";
		};
/* End PBXNativeTarget section */

/* Begin PBXProject section */
		1F9AF9C11DEE04E30093B454 /* Project object */ = {
			isa = PBXProject;
			attributes = {
				LastSwiftUpdateCheck = 0810;
				LastUpgradeCheck = 0810;
				ORGANIZATIONNAME = "Iñaki";
				TargetAttributes = {
					1F9AF9C81DEE04E30093B454 = {
						CreatedOnToolsVersion = 8.1;
						DevelopmentTeam = P699U76UF9;
						ProvisioningStyle = Automatic;
					};
				};
			};
			buildConfigurationList = 1F9AF9C41DEE04E30093B454 /* Build configuration list for PBXProject "ejemploTableView" */;
			compatibilityVersion = "Xcode 3.2";
			developmentRegion = English;
			hasScannedForEncodings = 0;
			knownRegions = (
				en,
				Base,
			);
			mainGroup = 1F9AF9C01DEE04E30093B454;
			productRefGroup = 1F9AF9CA1DEE04E30093B454 /* Products */;
			projectDirPath = "";
			projectRoot = "";
			targets = (
				1F9AF9C81DEE04E30093B454 /* ejemploTableView */,
			);
		};
/* End PBXProject section */

/* Begin PBXResourcesBuildPhase section */
		1F9AF9C71DEE04E30093B454 /* Resources */ = {
			isa = PBXResourcesBuildPhase;
			buildActionMask = 2147483647;
			files = (
				1F9AF9D71DEE04E30093B454 /* LaunchScreen.storyboard in Resources */,
				1F9AF9D41DEE04E30093B454 /* Assets.xcassets in Resources */,
				1F9AF9D21DEE04E30093B454 /* Main.storyboard in Resources */,
			);
			runOnlyForDeploymentPostprocessing = 0;
		};
/* End PBXResourcesBuildPhase section */

/* Begin PBXSourcesBuildPhase section */
		1F9AF9C51DEE04E30093B454 /* Sources */ = {
			isa = PBXSourcesBuildPhase;
			buildActionMask = 2147483647;
			files = (
				1F9AF9DF1DEE07300093B454 /* PrincipalTableViewController.swift in Sources */,
				1F9AF9CF1DEE04E30093B454 /* ViewController.swift in Sources */,
				1F9AF9CD1DEE04E30093B454 /* AppDelegate.swift in Sources */,
				1F9AF9E11DEE08C50093B454 /* miCelda.swift in Sources */,
			);
			runOnlyForDeploymentPostprocessing = 0;
		};
/* End PBXSourcesBuildPhase section */

/* Begin PBXVariantGroup section */
		1F9AF9D01DEE04E30093B454 /* Main.storyboard */ = {
			isa = PBXVariantGroup;
			children = (
				1F9AF9D11DEE04E30093B454 /* Base */,
			);
			name = Main.storyboard;
			sourceTree = "<group>";
		};
		1F9AF9D51DEE04E30093B454 /* LaunchScreen.storyboard */ = {
			isa = PBXVariantGroup;
			children = (
				1F9AF9D61DEE04E30093B454 /* Base */,
			);
			name = LaunchScreen.storyboard;
			sourceTree = "<group>";
		};
/* End PBXVariantGroup section */

/* Begin XCBuildConfiguration section */
		1F9AF9D91DEE04E30093B454 /* Debug */ = {
			isa = XCBuildConfiguration;
			buildSettings = {
				ALWAYS_SEARCH_USER_PATHS = NO;
				CLANG_ANALYZER_NONNULL = YES;
				CLANG_CXX_LANGUAGE_STANDARD = "gnu++0x";
				CLANG_CXX_LIBRARY = "libc++";
				CLANG_ENABLE_MODULES = YES;
				CLANG_ENABLE_OBJC_ARC = YES;
				CLANG_WARN_BOOL_CONVERSION = YES;
				CLANG_WARN_CONSTANT_CONVERSION = YES;
				CLANG_WARN_DIRECT_OBJC_ISA_USAGE = YES_ERROR;
				CLANG_WARN_DOCUMENTATION_COMMENTS = YES;
				CLANG_WARN_EMPTY_BODY = YES;
				CLANG_WARN_ENUM_CONVERSION = YES;
				CLANG_WARN_INFINITE_RECURSION = YES;
				CLANG_WARN_INT_CONVERSION = YES;
				CLANG_WARN_OBJC_ROOT_CLASS = YES_ERROR;
				CLANG_WARN_SUSPICIOUS_MOVES = YES;
				CLANG_WARN_UNREACHABLE_CODE = YES;
				CLANG_WARN__DUPLICATE_METHOD_MATCH = YES;
				"CODE_SIGN_IDENTITY[sdk=iphoneos*]" = "iPhone Developer";
				COPY_PHASE_STRIP = NO;
				DEBUG_INFORMATION_FORMAT = dwarf;
				ENABLE_STRICT_OBJC_MSGSEND = YES;
				ENABLE_TESTABILITY = YES;
				GCC_C_LANGUAGE_STANDARD = gnu99;
				GCC_DYNAMIC_NO_PIC = NO;
				GCC_NO_COMMON_BLOCKS = YES;
				GCC_OPTIMIZATION_LEVEL = 0;
				GCC_PREPROCESSOR_DEFINITIONS = (
					"DEBUG=1",
					"$(inherited)",
				);
				GCC_WARN_64_TO_32_BIT_CONVERSION = YES;
				GCC_WARN_ABOUT_RETURN_TYPE = YES_ERROR;
				GCC_WARN_UNDECLARED_SELECTOR = YES;
				GCC_WARN_UNINITIALIZED_AUTOS = YES_AGGRESSIVE;
				GCC_WARN_UNUSED_FUNCTION = YES;
				GCC_WARN_UNUSED_VARIABLE = YES;
				IPHONEOS_DEPLOYMENT_TARGET = 10.1;
				MTL_ENABLE_DEBUG_INFO = YES;
				ONLY_ACTIVE_ARCH = YES;
				SDKROOT = iphoneos;
				SWIFT_ACTIVE_COMPILATION_CONDITIONS = DEBUG;
				SWIFT_OPTIMIZATION_LEVEL = "-Onone";
			};
			name = Debug;
		};
		1F9AF9DA1DEE04E30093B454 /* Release */ = {
			isa = XCBuildConfiguration;
			buildSettings = {
				ALWAYS_SEARCH_USER_PATHS = NO;
				CLANG_ANALYZER_NONNULL = YES;
				CLANG_CXX_LANGUAGE_STANDARD = "gnu++0x";
				CLANG_CXX_LIBRARY = "libc++";
				CLANG_ENABLE_MODULES = YES;
				CLANG_ENABLE_OBJC_ARC = YES;
				CLANG_WARN_BOOL_CONVERSION = YES;
				CLANG_WARN_CONSTANT_CONVERSION = YES;
				CLANG_WARN_DIRECT_OBJC_ISA_USAGE = YES_ERROR;
				CLANG_WARN_DOCUMENTATION_COMMENTS = YES;
				CLANG_WARN_EMPTY_BODY = YES;
				CLANG_WARN_ENUM_CONVERSION = YES;
				CLANG_WARN_INFINITE_RECURSION = YES;
				CLANG_WARN_INT_CONVERSION = YES;
				CLANG_WARN_OBJC_ROOT_CLASS = YES_ERROR;
				CLANG_WARN_SUSPICIOUS_MOVES = YES;
				CLANG_WARN_UNREACHABLE_CODE = YES;
				CLANG_WARN__DUPLICATE_METHOD_MATCH = YES;
				"CODE_SIGN_IDENTITY[sdk=iphoneos*]" = "iPhone Developer";
				COPY_PHASE_STRIP = NO;
				DEBUG_INFORMATION_FORMAT = "dwarf-with-dsym";
				ENABLE_NS_ASSERTIONS = NO;
				ENABLE_STRICT_OBJC_MSGSEND = YES;
				GCC_C_LANGUAGE_STANDARD = gnu99;
				GCC_NO_COMMON_BLOCKS = YES;
				GCC_WARN_64_TO_32_BIT_CONVERSION = YES;
				GCC_WARN_ABOUT_RETURN_TYPE = YES_ERROR;
				GCC_WARN_UNDECLARED_SELECTOR = YES;
				GCC_WARN_UNINITIALIZED_AUTOS = YES_AGGRESSIVE;
				GCC_WARN_UNUSED_FUNCTION = YES;
				GCC_WARN_UNUSED_VARIABLE = YES;
				IPHONEOS_DEPLOYMENT_TARGET = 10.1;
				MTL_ENABLE_DEBUG_INFO = NO;
				SDKROOT = iphoneos;
				SWIFT_OPTIMIZATION_LEVEL = "-Owholemodule";
				VALIDATE_PRODUCT = YES;
			};
			name = Release;
		};
		1F9AF9DC1DEE04E30093B454 /* Debug */ = {
			isa = XCBuildConfiguration;
			buildSettings = {
				ASSETCATALOG_COMPILER_APPICON_NAME = AppIcon;
				DEVELOPMENT_TEAM = P699U76UF9;
				INFOPLIST_FILE = ejemploTableView/Info.plist;
				LD_RUNPATH_SEARCH_PATHS = "$(inherited) @executable_path/Frameworks";
				PRODUCT_BUNDLE_IDENTIFIER = bid.inaki.ejemploTableView;
				PRODUCT_NAME = "$(TARGET_NAME)";
				SWIFT_VERSION = 3.0;
			};
			name = Debug;
		};
		1F9AF9DD1DEE04E30093B454 /* Release */ = {
			isa = XCBuildConfiguration;
			buildSettings = {
				ASSETCATALOG_COMPILER_APPICON_NAME = AppIcon;
				DEVELOPMENT_TEAM = P699U76UF9;
				INFOPLIST_FILE = ejemploTableView/Info.plist;
				LD_RUNPATH_SEARCH_PATHS = "$(inherited) @executable_path/Frameworks";
				PRODUCT_BUNDLE_IDENTIFIER = bid.inaki.ejemploTableView;
				PRODUCT_NAME = "$(TARGET_NAME)";
				SWIFT_VERSION = 3.0;
			};
			name = Release;
		};
/* End XCBuildConfiguration section */

/* Begin XCConfigurationList section */
		1F9AF9C41DEE04E30093B454 /* Build configuration list for PBXProject "ejemploTableView" */ = {
			isa = XCConfigurationList;
			buildConfigurations = (
				1F9AF9D91DEE04E30093B454 /* Debug */,
				1F9AF9DA1DEE04E30093B454 /* Release */,
			);
			defaultConfigurationIsVisible = 0;
			defaultConfigurationName = Release;
		};
		1F9AF9DB1DEE04E30093B454 /* Build configuration list for PBXNativeTarget "ejemploTableView" */ = {
			isa = XCConfigurationList;
			buildConfigurations = (
				1F9AF9DC1DEE04E30093B454 /* Debug */,
				1F9AF9DD1DEE04E30093B454 /* Release */,
			);
			defaultConfigurationIsVisible = 0;
		};
/* End XCConfigurationList section */
	};
	rootObject = 1F9AF9C11DEE04E30093B454 /* Project object */;
}
